
Microsoft Visual Studio Solution File, Format Version 12.00
# Visual Studio Version 17
VisualStudioVersion = 17.11.35222.181
MinimumVisualStudioVersion = 10.0.40219.1
Project("{9A19103F-16F7-4668-BE54-9A1E7A4F7556}") = "TrainSystem", "TrainSystem\TrainSystem.csproj", "{C99A3C12-E3F1-42EA-992F-5D365643AC73}"
EndProject
Project("{9A19103F-16F7-4668-BE54-9A1E7A4F7556}") = "UnitTesting1", "UintTestingEx1\UnitTesting1.csproj", "{E3A6A372-14A7-4F33-8DA9-8F4AAECE9C0B}"
EndProject
Global
	GlobalSection(SolutionConfigurationPlatforms) = preSolution
		Debug|Any CPU = Debug|Any CPU
		Release|Any CPU = Release|Any CPU
	EndGlobalSection
	GlobalSection(ProjectConfigurationPlatforms) = postSolution
		{C99A3C12-E3F1-42EA-992F-5D365643AC73}.Debug|Any CPU.ActiveCfg = Debug|Any CPU
		{C99A3C12-E3F1-42EA-992F-5D365643AC73}.Debug|Any CPU.Build.0 = Debug|Any CPU
		{C99A3C12-E3F1-42EA-992F-5D365643AC73}.Release|Any CPU.ActiveCfg = Release|Any CPU
		{C99A3C12-E3F1-42EA-992F-5D365643AC73}.Release|Any CPU.Build.0 = Release|Any CPU
		{E3A6A372-14A7-4F33-8DA9-8F4AAECE9C0B}.Debug|Any CPU.ActiveCfg = Debug|Any CPU
		{E3A6A372-14A7-4F33-8DA9-8F4AAECE9C0B}.Debug|Any CPU.Build.0 = Debug|Any CPU
		{E3A6A372-14A7-4F33-8DA9-8F4AAECE9C0B}.Release|Any CPU.ActiveCfg = Release|Any CPU
		{E3A6A372-14A7-4F33-8DA9-8F4AAECE9C0B}.Release|Any CPU.Build.0 = Release|Any CPU
	EndGlobalSection
	GlobalSection(SolutionProperties) = preSolution
		HideSolutionNode = FALSE
	EndGlobalSection
	GlobalSection(ExtensibilityGlobals) = postSolution
		SolutionGuid = {6083E67F-7A68-4FDA-A128-14FD6C299195}
	EndGlobalSection
EndGlobal
